// !$*UTF8*$!
{
	archiveVersion = 1;
	classes = {
	};
	objectVersion = 50;
	objects = {

/* Begin PBXBuildFile section */
		6C1394A427086BEF00EC64A6 /* Card.m in Sources */ = {isa = PBXBuildFile; fileRef = 6C1394A327086BEF00EC64A6 /* Card.m */; };
		6C1394AA27086D4D00EC64A6 /* GameCard.m in Sources */ = {isa = PBXBuildFile; fileRef = 6C1394A927086D4D00EC64A6 /* GameCard.m */; };
		6C1394AD2708759400EC64A6 /* Deck.m in Sources */ = {isa = PBXBuildFile; fileRef = 6C1394AC2708759400EC64A6 /* Deck.m */; };
		6C4EE4CF270863500097F62A /* AppDelegate.m in Sources */ = {isa = PBXBuildFile; fileRef = 6C4EE4CE270863500097F62A /* AppDelegate.m */; };
		6C4EE4D2270863500097F62A /* SceneDelegate.m in Sources */ = {isa = PBXBuildFile; fileRef = 6C4EE4D1270863500097F62A /* SceneDelegate.m */; };
		6C4EE4D8270863500097F62A /* Main.storyboard in Resources */ = {isa = PBXBuildFile; fileRef = 6C4EE4D6270863500097F62A /* Main.storyboard */; };
		6C4EE4DA2708635A0097F62A /* Assets.xcassets in Resources */ = {isa = PBXBuildFile; fileRef = 6C4EE4D92708635A0097F62A /* Assets.xcassets */; };
		6C4EE4DD2708635A0097F62A /* LaunchScreen.storyboard in Resources */ = {isa = PBXBuildFile; fileRef = 6C4EE4DB2708635A0097F62A /* LaunchScreen.storyboard */; };
		6C4EE4E02708635A0097F62A /* main.m in Sources */ = {isa = PBXBuildFile; fileRef = 6C4EE4DF2708635A0097F62A /* main.m */; };
		6C4EE4E8270863860097F62A /* CardGameController.m in Sources */ = {isa = PBXBuildFile; fileRef = 6C4EE4E7270863860097F62A /* CardGameController.m */; };
		6C744244270C2C9000718428 /* CardCell.m in Sources */ = {isa = PBXBuildFile; fileRef = 6C744242270C2C9000718428 /* CardCell.m */; };
		6C744245270C2C9000718428 /* CardCell.xib in Resources */ = {isa = PBXBuildFile; fileRef = 6C744243270C2C9000718428 /* CardCell.xib */; };
/* End PBXBuildFile section */

/* Begin PBXFileReference section */
		6C1394A227086BEF00EC64A6 /* Card.h */ = {isa = PBXFileReference; lastKnownFileType = sourcecode.c.h; path = Card.h; sourceTree = "<group>"; };
		6C1394A327086BEF00EC64A6 /* Card.m */ = {isa = PBXFileReference; lastKnownFileType = sourcecode.c.objc; path = Card.m; sourceTree = "<group>"; };
		6C1394A827086D4D00EC64A6 /* GameCard.h */ = {isa = PBXFileReference; lastKnownFileType = sourcecode.c.h; path = GameCard.h; sourceTree = "<group>"; };
		6C1394A927086D4D00EC64A6 /* GameCard.m */ = {isa = PBXFileReference; lastKnownFileType = sourcecode.c.objc; path = GameCard.m; sourceTree = "<group>"; };
		6C1394AB2708759400EC64A6 /* Deck.h */ = {isa = PBXFileReference; lastKnownFileType = sourcecode.c.h; path = Deck.h; sourceTree = "<group>"; };
		6C1394AC2708759400EC64A6 /* Deck.m */ = {isa = PBXFileReference; lastKnownFileType = sourcecode.c.objc; path = Deck.m; sourceTree = "<group>"; };
		6C4EE4CA270863500097F62A /* CardGame.app */ = {isa = PBXFileReference; explicitFileType = wrapper.application; includeInIndex = 0; path = CardGame.app; sourceTree = BUILT_PRODUCTS_DIR; };
		6C4EE4CD270863500097F62A /* AppDelegate.h */ = {isa = PBXFileReference; lastKnownFileType = sourcecode.c.h; path = AppDelegate.h; sourceTree = "<group>"; };
		6C4EE4CE270863500097F62A /* AppDelegate.m */ = {isa = PBXFileReference; lastKnownFileType = sourcecode.c.objc; path = AppDelegate.m; sourceTree = "<group>"; };
		6C4EE4D0270863500097F62A /* SceneDelegate.h */ = {isa = PBXFileReference; lastKnownFileType = sourcecode.c.h; path = SceneDelegate.h; sourceTree = "<group>"; };
		6C4EE4D1270863500097F62A /* SceneDelegate.m */ = {isa = PBXFileReference; lastKnownFileType = sourcecode.c.objc; path = SceneDelegate.m; sourceTree = "<group>"; };
		6C4EE4D7270863500097F62A /* Base */ = {isa = PBXFileReference; lastKnownFileType = file.storyboard; name = Base; path = Base.lproj/Main.storyboard; sourceTree = "<group>"; };
		6C4EE4D92708635A0097F62A /* Assets.xcassets */ = {isa = PBXFileReference; lastKnownFileType = folder.assetcatalog; path = Assets.xcassets; sourceTree = "<group>"; };
		6C4EE4DC2708635A0097F62A /* Base */ = {isa = PBXFileReference; lastKnownFileType = file.storyboard; name = Base; path = Base.lproj/LaunchScreen.storyboard; sourceTree = "<group>"; };
		6C4EE4DE2708635A0097F62A /* Info.plist */ = {isa = PBXFileReference; lastKnownFileType = text.plist.xml; path = Info.plist; sourceTree = "<group>"; };
		6C4EE4DF2708635A0097F62A /* main.m */ = {isa = PBXFileReference; lastKnownFileType = sourcecode.c.objc; path = main.m; sourceTree = "<group>"; };
		6C4EE4E6270863860097F62A /* CardGameController.h */ = {isa = PBXFileReference; lastKnownFileType = sourcecode.c.h; path = CardGameController.h; sourceTree = "<group>"; };
		6C4EE4E7270863860097F62A /* CardGameController.m */ = {isa = PBXFileReference; lastKnownFileType = sourcecode.c.objc; path = CardGameController.m; sourceTree = "<group>"; };
		6C744241270C2C9000718428 /* CardCell.h */ = {isa = PBXFileReference; lastKnownFileType = sourcecode.c.h; path = CardCell.h; sourceTree = "<group>"; };
		6C744242270C2C9000718428 /* CardCell.m */ = {isa = PBXFileReference; lastKnownFileType = sourcecode.c.objc; path = CardCell.m; sourceTree = "<group>"; };
		6C744243270C2C9000718428 /* CardCell.xib */ = {isa = PBXFileReference; lastKnownFileType = file.xib; path = CardCell.xib; sourceTree = "<group>"; };
/* End PBXFileReference section */

/* Begin PBXFrameworksBuildPhase section */
		6C4EE4C7270863500097F62A /* Frameworks */ = {
			isa = PBXFrameworksBuildPhase;
			buildActionMask = 2147483647;
			files = (
			);
			runOnlyForDeploymentPostprocessing = 0;
		};
/* End PBXFrameworksBuildPhase section */

/* Begin PBXGroup section */
		6C1394A127086BC900EC64A6 /* Models */ = {
			isa = PBXGroup;
			children = (
				6C1394A227086BEF00EC64A6 /* Card.h */,
				6C1394A327086BEF00EC64A6 /* Card.m */,
				6C1394A827086D4D00EC64A6 /* GameCard.h */,
				6C1394A927086D4D00EC64A6 /* GameCard.m */,
				6C1394AB2708759400EC64A6 /* Deck.h */,
				6C1394AC2708759400EC64A6 /* Deck.m */,
			);
			path = Models;
			sourceTree = "<group>";
		};
		6C4EE4C1270863500097F62A = {
			isa = PBXGroup;
			children = (
				6C4EE4CC270863500097F62A /* CardGame */,
				6C4EE4CB270863500097F62A /* Products */,
			);
			sourceTree = "<group>";
		};
		6C4EE4CB270863500097F62A /* Products */ = {
			isa = PBXGroup;
			children = (
				6C4EE4CA270863500097F62A /* CardGame.app */,
			);
			name = Products;
			sourceTree = "<group>";
		};
		6C4EE4CC270863500097F62A /* CardGame */ = {
			isa = PBXGroup;
			children = (
				6C4EE4CD270863500097F62A /* AppDelegate.h */,
				6C4EE4CE270863500097F62A /* AppDelegate.m */,
				6C4EE4D0270863500097F62A /* SceneDelegate.h */,
				6C4EE4D1270863500097F62A /* SceneDelegate.m */,
				6C1394A127086BC900EC64A6 /* Models */,
				6C4EE4E9270864F70097F62A /* Controllers */,
				6C74423D270C2BE800718428 /* Views */,
				6C4EE4D92708635A0097F62A /* Assets.xcassets */,
				6C4EE4DB2708635A0097F62A /* LaunchScreen.storyboard */,
				6C4EE4DE2708635A0097F62A /* Info.plist */,
				6C4EE4DF2708635A0097F62A /* main.m */,
			);
			path = CardGame;
			sourceTree = "<group>";
		};
		6C4EE4E9270864F70097F62A /* Controllers */ = {
			isa = PBXGroup;
			children = (
				6C4EE4E6270863860097F62A /* CardGameController.h */,
				6C4EE4E7270863860097F62A /* CardGameController.m */,
			);
			path = Controllers;
			sourceTree = "<group>";
		};
		6C74423D270C2BE800718428 /* Views */ = {
			isa = PBXGroup;
			children = (
				6C4EE4D6270863500097F62A /* Main.storyboard */,
				6C744241270C2C9000718428 /* CardCell.h */,
				6C744242270C2C9000718428 /* CardCell.m */,
				6C744243270C2C9000718428 /* CardCell.xib */,
			);
			path = Views;
			sourceTree = "<group>";
		};
/* End PBXGroup section */

/* Begin PBXNativeTarget section */
		6C4EE4C9270863500097F62A /* CardGame */ = {
			isa = PBXNativeTarget;
			buildConfigurationList = 6C4EE4E32708635A0097F62A /* Build configuration list for PBXNativeTarget "CardGame" */;
			buildPhases = (
				6C4EE4C6270863500097F62A /* Sources */,
				6C4EE4C7270863500097F62A /* Frameworks */,
				6C4EE4C8270863500097F62A /* Resources */,
			);
			buildRules = (
			);
			dependencies = (
			);
			name = CardGame;
			productName = CardGame;
			productReference = 6C4EE4CA270863500097F62A /* CardGame.app */;
			productType = "com.apple.product-type.application";
		};
/* End PBXNativeTarget section */

/* Begin PBXProject section */
		6C4EE4C2270863500097F62A /* Project object */ = {
			isa = PBXProject;
			attributes = {
				LastUpgradeCheck = 1170;
				ORGANIZATIONNAME = "Eyal Avissar";
				TargetAttributes = {
					6C4EE4C9270863500097F62A = {
						CreatedOnToolsVersion = 11.7;
					};
				};
			};
			buildConfigurationList = 6C4EE4C5270863500097F62A /* Build configuration list for PBXProject "CardGame" */;
			compatibilityVersion = "Xcode 9.3";
			developmentRegion = en;
			hasScannedForEncodings = 0;
			knownRegions = (
				en,
				Base,
			);
			mainGroup = 6C4EE4C1270863500097F62A;
			productRefGroup = 6C4EE4CB270863500097F62A /* Products */;
			projectDirPath = "";
			projectRoot = "";
			targets = (
				6C4EE4C9270863500097F62A /* CardGame */,
			);
		};
/* End PBXProject section */

/* Begin PBXResourcesBuildPhase section */
		6C4EE4C8270863500097F62A /* Resources */ = {
			isa = PBXResourcesBuildPhase;
			buildActionMask = 2147483647;
			files = (
				6C4EE4DD2708635A0097F62A /* LaunchScreen.storyboard in Resources */,
				6C4EE4DA2708635A0097F62A /* Assets.xcassets in Resources */,
				6C4EE4D8270863500097F62A /* Main.storyboard in Resources */,
				6C744245270C2C9000718428 /* CardCell.xib in Resources */,
			);
			runOnlyForDeploymentPostprocessing = 0;
		};
/* End PBXResourcesBuildPhase section */

/* Begin PBXSourcesBuildPhase section */
		6C4EE4C6270863500097F62A /* Sources */ = {
			isa = PBXSourcesBuildPhase;
			buildActionMask = 2147483647;
			files = (
				6C1394A427086BEF00EC64A6 /* Card.m in Sources */,
				6C1394AD2708759400EC64A6 /* Deck.m in Sources */,
				6C4EE4CF270863500097F62A /* AppDelegate.m in Sources */,
				6C4EE4E02708635A0097F62A /* main.m in Sources */,
				6C1394AA27086D4D00EC64A6 /* GameCard.m in Sources */,
				6C4EE4D2270863500097F62A /* SceneDelegate.m in Sources */,
				6C4EE4E8270863860097F62A /* CardGameController.m in Sources */,
				6C744244270C2C9000718428 /* CardCell.m in Sources */,
			);
			runOnlyForDeploymentPostprocessing = 0;
		};
/* End PBXSourcesBuildPhase section */

/* Begin PBXVariantGroup section */
		6C4EE4D6270863500097F62A /* Main.storyboard */ = {
			isa = PBXVariantGroup;
			children = (
				6C4EE4D7270863500097F62A /* Base */,
			);
			name = Main.storyboard;
			sourceTree = "<group>";
		};
		6C4EE4DB2708635A0097F62A /* LaunchScreen.storyboard */ = {
			isa = PBXVariantGroup;
			children = (
				6C4EE4DC2708635A0097F62A /* Base */,
			);
			name = LaunchScreen.storyboard;
			sourceTree = "<group>";
		};
/* End PBXVariantGroup section */

/* Begin XCBuildConfiguration section */
		6C4EE4E12708635A0097F62A /* Debug */ = {
			isa = XCBuildConfiguration;
			buildSettings = {
				ALWAYS_SEARCH_USER_PATHS = NO;
				CLANG_ANALYZER_NONNULL = YES;
				CLANG_ANALYZER_NUMBER_OBJECT_CONVERSION = YES_AGGRESSIVE;
				CLANG_CXX_LANGUAGE_STANDARD = "gnu++14";
				CLANG_CXX_LIBRARY = "libc++";
				CLANG_ENABLE_MODULES = YES;
				CLANG_ENABLE_OBJC_ARC = YES;
				CLANG_ENABLE_OBJC_WEAK = YES;
				CLANG_WARN_BLOCK_CAPTURE_AUTORELEASING = YES;
				CLANG_WARN_BOOL_CONVERSION = YES;
				CLANG_WARN_COMMA = YES;
				CLANG_WARN_CONSTANT_CONVERSION = YES;
				CLANG_WARN_DEPRECATED_OBJC_IMPLEMENTATIONS = YES;
				CLANG_WARN_DIRECT_OBJC_ISA_USAGE = YES_ERROR;
				CLANG_WARN_DOCUMENTATION_COMMENTS = YES;
				CLANG_WARN_EMPTY_BODY = YES;
				CLANG_WARN_ENUM_CONVERSION = YES;
				CLANG_WARN_INFINITE_RECURSION = YES;
				CLANG_WARN_INT_CONVERSION = YES;
				CLANG_WARN_NON_LITERAL_NULL_CONVERSION = YES;
				CLANG_WARN_OBJC_IMPLICIT_RETAIN_SELF = YES;
				CLANG_WARN_OBJC_LITERAL_CONVERSION = YES;
				CLANG_WARN_OBJC_ROOT_CLASS = YES_ERROR;
				CLANG_WARN_RANGE_LOOP_ANALYSIS = YES;
				CLANG_WARN_STRICT_PROTOTYPES = YES;
				CLANG_WARN_SUSPICIOUS_MOVE = YES;
				CLANG_WARN_UNGUARDED_AVAILABILITY = YES_AGGRESSIVE;
				CLANG_WARN_UNREACHABLE_CODE = YES;
				CLANG_WARN__DUPLICATE_METHOD_MATCH = YES;
				COPY_PHASE_STRIP = NO;
				DEBUG_INFORMATION_FORMAT = dwarf;
				ENABLE_STRICT_OBJC_MSGSEND = YES;
				ENABLE_TESTABILITY = YES;
				GCC_C_LANGUAGE_STANDARD = gnu11;
				GCC_DYNAMIC_NO_PIC = NO;
				GCC_NO_COMMON_BLOCKS = YES;
				GCC_OPTIMIZATION_LEVEL = 0;
				GCC_PREPROCESSOR_DEFINITIONS = (
					"DEBUG=1",
					"$(inherited)",
				);
				GCC_WARN_64_TO_32_BIT_CONVERSION = YES;
				GCC_WARN_ABOUT_RETURN_TYPE = YES_ERROR;
				GCC_WARN_UNDECLARED_SELECTOR = YES;
				GCC_WARN_UNINITIALIZED_AUTOS = YES_AGGRESSIVE;
				GCC_WARN_UNUSED_FUNCTION = YES;
				GCC_WARN_UNUSED_VARIABLE = YES;
				IPHONEOS_DEPLOYMENT_TARGET = 13.7;
				MTL_ENABLE_DEBUG_INFO = INCLUDE_SOURCE;
				MTL_FAST_MATH = YES;
				ONLY_ACTIVE_ARCH = YES;
				SDKROOT = iphoneos;
			};
			name = Debug;
		};
		6C4EE4E22708635A0097F62A /* Release */ = {
			isa = XCBuildConfiguration;
			buildSettings = {
				ALWAYS_SEARCH_USER_PATHS = NO;
				CLANG_ANALYZER_NONNULL = YES;
				CLANG_ANALYZER_NUMBER_OBJECT_CONVERSION = YES_AGGRESSIVE;
				CLANG_CXX_LANGUAGE_STANDARD = "gnu++14";
				CLANG_CXX_LIBRARY = "libc++";
				CLANG_ENABLE_MODULES = YES;
				CLANG_ENABLE_OBJC_ARC = YES;
				CLANG_ENABLE_OBJC_WEAK = YES;
				CLANG_WARN_BLOCK_CAPTURE_AUTORELEASING = YES;
				CLANG_WARN_BOOL_CONVERSION = YES;
				CLANG_WARN_COMMA = YES;
				CLANG_WARN_CONSTANT_CONVERSION = YES;
				CLANG_WARN_DEPRECATED_OBJC_IMPLEMENTATIONS = YES;
				CLANG_WARN_DIRECT_OBJC_ISA_USAGE = YES_ERROR;
				CLANG_WARN_DOCUMENTATION_COMMENTS = YES;
				CLANG_WARN_EMPTY_BODY = YES;
				CLANG_WARN_ENUM_CONVERSION = YES;
				CLANG_WARN_INFINITE_RECURSION = YES;
				CLANG_WARN_INT_CONVERSION = YES;
				CLANG_WARN_NON_LITERAL_NULL_CONVERSION = YES;
				CLANG_WARN_OBJC_IMPLICIT_RETAIN_SELF = YES;
				CLANG_WARN_OBJC_LITERAL_CONVERSION = YES;
				CLANG_WARN_OBJC_ROOT_CLASS = YES_ERROR;
				CLANG_WARN_RANGE_LOOP_ANALYSIS = YES;
				CLANG_WARN_STRICT_PROTOTYPES = YES;
				CLANG_WARN_SUSPICIOUS_MOVE = YES;
				CLANG_WARN_UNGUARDED_AVAILABILITY = YES_AGGRESSIVE;
				CLANG_WARN_UNREACHABLE_CODE = YES;
				CLANG_WARN__DUPLICATE_METHOD_MATCH = YES;
				COPY_PHASE_STRIP = NO;
				DEBUG_INFORMATION_FORMAT = "dwarf-with-dsym";
				ENABLE_NS_ASSERTIONS = NO;
				ENABLE_STRICT_OBJC_MSGSEND = YES;
				GCC_C_LANGUAGE_STANDARD = gnu11;
				GCC_NO_COMMON_BLOCKS = YES;
				GCC_WARN_64_TO_32_BIT_CONVERSION = YES;
				GCC_WARN_ABOUT_RETURN_TYPE = YES_ERROR;
				GCC_WARN_UNDECLARED_SELECTOR = YES;
				GCC_WARN_UNINITIALIZED_AUTOS = YES_AGGRESSIVE;
				GCC_WARN_UNUSED_FUNCTION = YES;
				GCC_WARN_UNUSED_VARIABLE = YES;
				IPHONEOS_DEPLOYMENT_TARGET = 13.7;
				MTL_ENABLE_DEBUG_INFO = NO;
				MTL_FAST_MATH = YES;
				SDKROOT = iphoneos;
				VALIDATE_PRODUCT = YES;
			};
			name = Release;
		};
		6C4EE4E42708635A0097F62A /* Debug */ = {
			isa = XCBuildConfiguration;
			buildSettings = {
				ASSETCATALOG_COMPILER_APPICON_NAME = AppIcon;
				CODE_SIGN_STYLE = Automatic;
				INFOPLIST_FILE = CardGame/Info.plist;
				LD_RUNPATH_SEARCH_PATHS = (
					"$(inherited)",
					"@executable_path/Frameworks",
				);
				PRODUCT_BUNDLE_IDENTIFIER = il.co.hyperactive.CardGame;
				PRODUCT_NAME = "$(TARGET_NAME)";
				TARGETED_DEVICE_FAMILY = "1,2";
			};
			name = Debug;
		};
		6C4EE4E52708635A0097F62A /* Release */ = {
			isa = XCBuildConfiguration;
			buildSettings = {
				ASSETCATALOG_COMPILER_APPICON_NAME = AppIcon;
				CODE_SIGN_STYLE = Automatic;
				INFOPLIST_FILE = CardGame/Info.plist;
				LD_RUNPATH_SEARCH_PATHS = (
					"$(inherited)",
					"@executable_path/Frameworks",
				);
				PRODUCT_BUNDLE_IDENTIFIER = il.co.hyperactive.CardGame;
				PRODUCT_NAME = "$(TARGET_NAME)";
				TARGETED_DEVICE_FAMILY = "1,2";
			};
			name = Release;
		};
/* End XCBuildConfiguration section */

/* Begin XCConfigurationList section */
		6C4EE4C5270863500097F62A /* Build configuration list for PBXProject "CardGame" */ = {
			isa = XCConfigurationList;
			buildConfigurations = (
				6C4EE4E12708635A0097F62A /* Debug */,
				6C4EE4E22708635A0097F62A /* Release */,
			);
			defaultConfigurationIsVisible = 0;
			defaultConfigurationName = Release;
		};
		6C4EE4E32708635A0097F62A /* Build configuration list for PBXNativeTarget "CardGame" */ = {
			isa = XCConfigurationList;
			buildConfigurations = (
				6C4EE4E42708635A0097F62A /* Debug */,
				6C4EE4E52708635A0097F62A /* Release */,
			);
			defaultConfigurationIsVisible = 0;
			defaultConfigurationName = Release;
		};
/* End XCConfigurationList section */
	};
	rootObject = 6C4EE4C2270863500097F62A /* Project object */;
}
